
Microsoft Visual Studio Solution File, Format Version 12.00
# Visual Studio Version 16
VisualStudioVersion = 16.0.32510.428
MinimumVisualStudioVersion = 10.0.40219.1
Project("{FAE04EC0-301F-11D3-BF4B-00C04F79EFBC}") = "Tetris", "Tetris\Tetris.csproj", "{99E98014-8DEF-404E-81E7-482059CF0343}"
EndProject
Global
	GlobalSection(SolutionConfigurationPlatforms) = preSolution
		Debug|Any CPU = Debug|Any CPU
		Release|Any CPU = Release|Any CPU
	EndGlobalSection
	GlobalSection(ProjectConfigurationPlatforms) = postSolution
		{99E98014-8DEF-404E-81E7-482059CF0343}.Debug|Any CPU.ActiveCfg = Debug|Any CPU
		{99E98014-8DEF-404E-81E7-482059CF0343}.Debug|Any CPU.Build.0 = Debug|Any CPU
		{99E98014-8DEF-404E-81E7-482059CF0343}.Release|Any CPU.ActiveCfg = Release|Any CPU
		{99E98014-8DEF-404E-81E7-482059CF0343}.Release|Any CPU.Build.0 = Release|Any CPU
	EndGlobalSection
	GlobalSection(SolutionProperties) = preSolution
		HideSolutionNode = FALSE
	EndGlobalSection
	GlobalSection(ExtensibilityGlobals) = postSolution
		SolutionGuid = {8D629743-A531-4030-BD0D-137CAB23E3BD}
	EndGlobalSection
EndGlobal
